Microsoft Visual Studio Solution File, Format Version 12.00
# Visual Studio 15
VisualStudioVersion = 15.0.27004.2002
MinimumVisualStudioVersion = 15.0.26124.0
Project("{9A19103F-16F7-4668-BE54-9A1E7A4F7556}") = "Generator", "Generator\Generator.csproj", "{CA54FBD8-FB29-4DCF-B3AB-032D94DD663F}"
EndProject
Project("{9A19103F-16F7-4668-BE54-9A1E7A4F7556}") = "Generator.CLI", "Generator.CLI\Generator.CLI.csproj", "{6D1D9695-90A9-4EAA-A05B-DC944034CE87}"
EndProject
Project("{9A19103F-16F7-4668-BE54-9A1E7A4F7556}") = "Generator.Tests", "Generator.Tests\Generator.Tests.csproj", "{C480EB8E-7EC8-49AA-AAD5-8643FFBEF574}"
EndProject
Project("{9A19103F-16F7-4668-BE54-9A1E7A4F7556}") = "Generator.ProjectSystem", "Generator.ProjectSystem\Generator.ProjectSystem.csproj", "{BE62CBC9-6696-462E-A16D-91F5D3D6CCB2}"
EndProject
Project("{9A19103F-16F7-4668-BE54-9A1E7A4F7556}") = "Generator.ProjectSystem.Tests", "Generator.ProjectSystem.Tests\Generator.ProjectSystem.Tests.csproj", "{7B7AA203-2957-49DA-858F-B8EB375CCA82}"
EndProject
Project("{2150E333-8FDC-42A3-9474-1A3956D46DE8}") = "Console Interface", "Console Interface", "{DDF125CA-8E76-4CD1-B3CB-3A11B1C23AE3}"
EndProject
Project("{2150E333-8FDC-42A3-9474-1A3956D46DE8}") = "Project System", "Project System", "{37079DC3-7887-4EF0-9EF6-167802ADD139}"
EndProject
Project("{9A19103F-16F7-4668-BE54-9A1E7A4F7556}") = "FluentConsole", "FluentConsole\FluentConsole.csproj", "{E336FBB8-AC1F-4003-840E-22570C73CA1B}"
EndProject
Project("{9A19103F-16F7-4668-BE54-9A1E7A4F7556}") = "FluentConsole.Tests", "FluentConsole.Tests\FluentConsole.Tests.csproj", "{C5EB2EBC-3F8D-4496-B829-0FD9BCA052E3}"
EndProject
Global
	GlobalSection(SolutionConfigurationPlatforms) = preSolution
		Debug|Any CPU = Debug|Any CPU
		Debug|x64 = Debug|x64
		Debug|x86 = Debug|x86
		Release|Any CPU = Release|Any CPU
		Release|x64 = Release|x64
		Release|x86 = Release|x86
	EndGlobalSection
	GlobalSection(ProjectConfigurationPlatforms) = postSolution
		{CA54FBD8-FB29-4DCF-B3AB-032D94DD663F}.Debug|Any CPU.ActiveCfg = Debug|Any CPU
		{CA54FBD8-FB29-4DCF-B3AB-032D94DD663F}.Debug|Any CPU.Build.0 = Debug|Any CPU
		{CA54FBD8-FB29-4DCF-B3AB-032D94DD663F}.Debug|x64.ActiveCfg = Debug|Any CPU
		{CA54FBD8-FB29-4DCF-B3AB-032D94DD663F}.Debug|x64.Build.0 = Debug|Any CPU
		{CA54FBD8-FB29-4DCF-B3AB-032D94DD663F}.Debug|x86.ActiveCfg = Debug|Any CPU
		{CA54FBD8-FB29-4DCF-B3AB-032D94DD663F}.Debug|x86.Build.0 = Debug|Any CPU
		{CA54FBD8-FB29-4DCF-B3AB-032D94DD663F}.Release|Any CPU.ActiveCfg = Release|Any CPU
		{CA54FBD8-FB29-4DCF-B3AB-032D94DD663F}.Release|Any CPU.Build.0 = Release|Any CPU
		{CA54FBD8-FB29-4DCF-B3AB-032D94DD663F}.Release|x64.ActiveCfg = Release|Any CPU
		{CA54FBD8-FB29-4DCF-B3AB-032D94DD663F}.Release|x64.Build.0 = Release|Any CPU
		{CA54FBD8-FB29-4DCF-B3AB-032D94DD663F}.Release|x86.ActiveCfg = Release|Any CPU
		{CA54FBD8-FB29-4DCF-B3AB-032D94DD663F}.Release|x86.Build.0 = Release|Any CPU
		{6D1D9695-90A9-4EAA-A05B-DC944034CE87}.Debug|Any CPU.ActiveCfg = Debug|Any CPU
		{6D1D9695-90A9-4EAA-A05B-DC944034CE87}.Debug|Any CPU.Build.0 = Debug|Any CPU
		{6D1D9695-90A9-4EAA-A05B-DC944034CE87}.Debug|x64.ActiveCfg = Debug|Any CPU
		{6D1D9695-90A9-4EAA-A05B-DC944034CE87}.Debug|x64.Build.0 = Debug|Any CPU
		{6D1D9695-90A9-4EAA-A05B-DC944034CE87}.Debug|x86.ActiveCfg = Debug|Any CPU
		{6D1D9695-90A9-4EAA-A05B-DC944034CE87}.Debug|x86.Build.0 = Debug|Any CPU
		{6D1D9695-90A9-4EAA-A05B-DC944034CE87}.Release|Any CPU.ActiveCfg = Release|Any CPU
		{6D1D9695-90A9-4EAA-A05B-DC944034CE87}.Release|Any CPU.Build.0 = Release|Any CPU
		{6D1D9695-90A9-4EAA-A05B-DC944034CE87}.Release|x64.ActiveCfg = Release|Any CPU
		{6D1D9695-90A9-4EAA-A05B-DC944034CE87}.Release|x64.Build.0 = Release|Any CPU
		{6D1D9695-90A9-4EAA-A05B-DC944034CE87}.Release|x86.ActiveCfg = Release|Any CPU
		{6D1D9695-90A9-4EAA-A05B-DC944034CE87}.Release|x86.Build.0 = Release|Any CPU
		{C480EB8E-7EC8-49AA-AAD5-8643FFBEF574}.Debug|Any CPU.ActiveCfg = Debug|Any CPU
		{C480EB8E-7EC8-49AA-AAD5-8643FFBEF574}.Debug|Any CPU.Build.0 = Debug|Any CPU
		{C480EB8E-7EC8-49AA-AAD5-8643FFBEF574}.Debug|x64.ActiveCfg = Debug|Any CPU
		{C480EB8E-7EC8-49AA-AAD5-8643FFBEF574}.Debug|x64.Build.0 = Debug|Any CPU
		{C480EB8E-7EC8-49AA-AAD5-8643FFBEF574}.Debug|x86.ActiveCfg = Debug|Any CPU
		{C480EB8E-7EC8-49AA-AAD5-8643FFBEF574}.Debug|x86.Build.0 = Debug|Any CPU
		{C480EB8E-7EC8-49AA-AAD5-8643FFBEF574}.Release|Any CPU.ActiveCfg = Release|Any CPU
		{C480EB8E-7EC8-49AA-AAD5-8643FFBEF574}.Release|Any CPU.Build.0 = Release|Any CPU
		{C480EB8E-7EC8-49AA-AAD5-8643FFBEF574}.Release|x64.ActiveCfg = Release|Any CPU
		{C480EB8E-7EC8-49AA-AAD5-8643FFBEF574}.Release|x64.Build.0 = Release|Any CPU
		{C480EB8E-7EC8-49AA-AAD5-8643FFBEF574}.Release|x86.ActiveCfg = Release|Any CPU
		{C480EB8E-7EC8-49AA-AAD5-8643FFBEF574}.Release|x86.Build.0 = Release|Any CPU
		{BE62CBC9-6696-462E-A16D-91F5D3D6CCB2}.Debug|Any CPU.ActiveCfg = Debug|Any CPU
		{BE62CBC9-6696-462E-A16D-91F5D3D6CCB2}.Debug|Any CPU.Build.0 = Debug|Any CPU
		{BE62CBC9-6696-462E-A16D-91F5D3D6CCB2}.Debug|x64.ActiveCfg = Debug|Any CPU
		{BE62CBC9-6696-462E-A16D-91F5D3D6CCB2}.Debug|x64.Build.0 = Debug|Any CPU
		{BE62CBC9-6696-462E-A16D-91F5D3D6CCB2}.Debug|x86.ActiveCfg = Debug|Any CPU
		{BE62CBC9-6696-462E-A16D-91F5D3D6CCB2}.Debug|x86.Build.0 = Debug|Any CPU
		{BE62CBC9-6696-462E-A16D-91F5D3D6CCB2}.Release|Any CPU.ActiveCfg = Release|Any CPU
		{BE62CBC9-6696-462E-A16D-91F5D3D6CCB2}.Release|Any CPU.Build.0 = Release|Any CPU
		{BE62CBC9-6696-462E-A16D-91F5D3D6CCB2}.Release|x64.ActiveCfg = Release|Any CPU
		{BE62CBC9-6696-462E-A16D-91F5D3D6CCB2}.Release|x64.Build.0 = Release|Any CPU
		{BE62CBC9-6696-462E-A16D-91F5D3D6CCB2}.Release|x86.ActiveCfg = Release|Any CPU
		{BE62CBC9-6696-462E-A16D-91F5D3D6CCB2}.Release|x86.Build.0 = Release|Any CPU
		{7B7AA203-2957-49DA-858F-B8EB375CCA82}.Debug|Any CPU.ActiveCfg = Debug|Any CPU
		{7B7AA203-2957-49DA-858F-B8EB375CCA82}.Debug|Any CPU.Build.0 = Debug|Any CPU
		{7B7AA203-2957-49DA-858F-B8EB375CCA82}.Debug|x64.ActiveCfg = Debug|Any CPU
		{7B7AA203-2957-49DA-858F-B8EB375CCA82}.Debug|x64.Build.0 = Debug|Any CPU
		{7B7AA203-2957-49DA-858F-B8EB375CCA82}.Debug|x86.ActiveCfg = Debug|Any CPU
		{7B7AA203-2957-49DA-858F-B8EB375CCA82}.Debug|x86.Build.0 = Debug|Any CPU
		{7B7AA203-2957-49DA-858F-B8EB375CCA82}.Release|Any CPU.ActiveCfg = Release|Any CPU
		{7B7AA203-2957-49DA-858F-B8EB375CCA82}.Release|Any CPU.Build.0 = Release|Any CPU
		{7B7AA203-2957-49DA-858F-B8EB375CCA82}.Release|x64.ActiveCfg = Release|Any CPU
		{7B7AA203-2957-49DA-858F-B8EB375CCA82}.Release|x64.Build.0 = Release|Any CPU
		{7B7AA203-2957-49DA-858F-B8EB375CCA82}.Release|x86.ActiveCfg = Release|Any CPU
		{7B7AA203-2957-49DA-858F-B8EB375CCA82}.Release|x86.Build.0 = Release|Any CPU
		{E336FBB8-AC1F-4003-840E-22570C73CA1B}.Debug|Any CPU.ActiveCfg = Debug|Any CPU
		{E336FBB8-AC1F-4003-840E-22570C73CA1B}.Debug|Any CPU.Build.0 = Debug|Any CPU
		{E336FBB8-AC1F-4003-840E-22570C73CA1B}.Debug|x64.ActiveCfg = Debug|Any CPU
		{E336FBB8-AC1F-4003-840E-22570C73CA1B}.Debug|x64.Build.0 = Debug|Any CPU
		{E336FBB8-AC1F-4003-840E-22570C73CA1B}.Debug|x86.ActiveCfg = Debug|Any CPU
		{E336FBB8-AC1F-4003-840E-22570C73CA1B}.Debug|x86.Build.0 = Debug|Any CPU
		{E336FBB8-AC1F-4003-840E-22570C73CA1B}.Release|Any CPU.ActiveCfg = Release|Any CPU
		{E336FBB8-AC1F-4003-840E-22570C73CA1B}.Release|Any CPU.Build.0 = Release|Any CPU
		{E336FBB8-AC1F-4003-840E-22570C73CA1B}.Release|x64.ActiveCfg = Release|Any CPU
		{E336FBB8-AC1F-4003-840E-22570C73CA1B}.Release|x64.Build.0 = Release|Any CPU
		{E336FBB8-AC1F-4003-840E-22570C73CA1B}.Release|x86.ActiveCfg = Release|Any CPU
		{E336FBB8-AC1F-4003-840E-22570C73CA1B}.Release|x86.Build.0 = Release|Any CPU
		{C5EB2EBC-3F8D-4496-B829-0FD9BCA052E3}.Debug|Any CPU.ActiveCfg = Debug|Any CPU
		{C5EB2EBC-3F8D-4496-B829-0FD9BCA052E3}.Debug|Any CPU.Build.0 = Debug|Any CPU
		{C5EB2EBC-3F8D-4496-B829-0FD9BCA052E3}.Debug|x64.ActiveCfg = Debug|Any CPU
		{C5EB2EBC-3F8D-4496-B829-0FD9BCA052E3}.Debug|x64.Build.0 = Debug|Any CPU
		{C5EB2EBC-3F8D-4496-B829-0FD9BCA052E3}.Debug|x86.ActiveCfg = Debug|Any CPU
		{C5EB2EBC-3F8D-4496-B829-0FD9BCA052E3}.Debug|x86.Build.0 = Debug|Any CPU
		{C5EB2EBC-3F8D-4496-B829-0FD9BCA052E3}.Release|Any CPU.ActiveCfg = Release|Any CPU
		{C5EB2EBC-3F8D-4496-B829-0FD9BCA052E3}.Release|Any CPU.Build.0 = Release|Any CPU
		{C5EB2EBC-3F8D-4496-B829-0FD9BCA052E3}.Release|x64.ActiveCfg = Release|Any CPU
		{C5EB2EBC-3F8D-4496-B829-0FD9BCA052E3}.Release|x64.Build.0 = Release|Any CPU
		{C5EB2EBC-3F8D-4496-B829-0FD9BCA052E3}.Release|x86.ActiveCfg = Release|Any CPU
		{C5EB2EBC-3F8D-4496-B829-0FD9BCA052E3}.Release|x86.Build.0 = Release|Any CPU
	EndGlobalSection
	GlobalSection(SolutionProperties) = preSolution
		HideSolutionNode = FALSE
	EndGlobalSection
	GlobalSection(NestedProjects) = preSolution
		{BE62CBC9-6696-462E-A16D-91F5D3D6CCB2} = {37079DC3-7887-4EF0-9EF6-167802ADD139}
		{7B7AA203-2957-49DA-858F-B8EB375CCA82} = {37079DC3-7887-4EF0-9EF6-167802ADD139}
		{E336FBB8-AC1F-4003-840E-22570C73CA1B} = {DDF125CA-8E76-4CD1-B3CB-3A11B1C23AE3}
		{C5EB2EBC-3F8D-4496-B829-0FD9BCA052E3} = {DDF125CA-8E76-4CD1-B3CB-3A11B1C23AE3}
	EndGlobalSection
	GlobalSection(ExtensibilityGlobals) = postSolution
		SolutionGuid = {675BA5E4-77DA-4D18-AE14-053690154092}
	EndGlobalSection
EndGlobal
